
Microsoft Visual Studio Solution File, Format Version 12.00
# Visual Studio Version 16
VisualStudioVersion = 16.0.31112.23
MinimumVisualStudioVersion = 10.0.40219.1
Project("{8BC9CEB8-8B4A-11D0-8D11-00A0C91BC942}") = "Cellular Automata 1D C++", "Cellular Automata\Cellular Automata.vcxproj", "{0928B710-9054-49B7-99EE-D40E368CD641}"
EndProject
Project("{888888A0-9F3D-457C-B088-3A5042F75D52}") = "Cellular Automata 1D Python", "Cellular Automata Python\Cellular Automata 1D Python.pyproj", "{6B0DE000-562E-47CB-B4D5-36403309DAE0}"
EndProject
Project("{8BC9CEB8-8B4A-11D0-8D11-00A0C91BC942}") = "Cellular Automata 2D C++", "Cellular Automata 2D C++\Cellular Automata 2D C++.vcxproj", "{392B7564-6175-4931-832D-65D68DFE738A}"
EndProject
Global
	GlobalSection(SolutionConfigurationPlatforms) = preSolution
		Debug|Any CPU = Debug|Any CPU
		Debug|x64 = Debug|x64
		Debug|x86 = Debug|x86
		Release|Any CPU = Release|Any CPU
		Release|x64 = Release|x64
		Release|x86 = Release|x86
	EndGlobalSection
	GlobalSection(ProjectConfigurationPlatforms) = postSolution
		{0928B710-9054-49B7-99EE-D40E368CD641}.Debug|Any CPU.ActiveCfg = Debug|Win32
		{0928B710-9054-49B7-99EE-D40E368CD641}.Debug|x64.ActiveCfg = Debug|x64
		{0928B710-9054-49B7-99EE-D40E368CD641}.Debug|x64.Build.0 = Debug|x64
		{0928B710-9054-49B7-99EE-D40E368CD641}.Debug|x86.ActiveCfg = Debug|Win32
		{0928B710-9054-49B7-99EE-D40E368CD641}.Debug|x86.Build.0 = Debug|Win32
		{0928B710-9054-49B7-99EE-D40E368CD641}.Release|Any CPU.ActiveCfg = Release|Win32
		{0928B710-9054-49B7-99EE-D40E368CD641}.Release|x64.ActiveCfg = Release|x64
		{0928B710-9054-49B7-99EE-D40E368CD641}.Release|x64.Build.0 = Release|x64
		{0928B710-9054-49B7-99EE-D40E368CD641}.Release|x86.ActiveCfg = Release|Win32
		{0928B710-9054-49B7-99EE-D40E368CD641}.Release|x86.Build.0 = Release|Win32
		{6B0DE000-562E-47CB-B4D5-36403309DAE0}.Debug|Any CPU.ActiveCfg = Debug|Any CPU
		{6B0DE000-562E-47CB-B4D5-36403309DAE0}.Debug|x64.ActiveCfg = Debug|Any CPU
		{6B0DE000-562E-47CB-B4D5-36403309DAE0}.Debug|x86.ActiveCfg = Debug|Any CPU
		{6B0DE000-562E-47CB-B4D5-36403309DAE0}.Release|Any CPU.ActiveCfg = Release|Any CPU
		{6B0DE000-562E-47CB-B4D5-36403309DAE0}.Release|x64.ActiveCfg = Release|Any CPU
		{6B0DE000-562E-47CB-B4D5-36403309DAE0}.Release|x86.ActiveCfg = Release|Any CPU
		{392B7564-6175-4931-832D-65D68DFE738A}.Debug|Any CPU.ActiveCfg = Debug|Win32
		{392B7564-6175-4931-832D-65D68DFE738A}.Debug|x64.ActiveCfg = Debug|x64
		{392B7564-6175-4931-832D-65D68DFE738A}.Debug|x64.Build.0 = Debug|x64
		{392B7564-6175-4931-832D-65D68DFE738A}.Debug|x86.ActiveCfg = Debug|Win32
		{392B7564-6175-4931-832D-65D68DFE738A}.Debug|x86.Build.0 = Debug|Win32
		{392B7564-6175-4931-832D-65D68DFE738A}.Release|Any CPU.ActiveCfg = Release|Win32
		{392B7564-6175-4931-832D-65D68DFE738A}.Release|x64.ActiveCfg = Release|x64
		{392B7564-6175-4931-832D-65D68DFE738A}.Release|x64.Build.0 = Release|x64
		{392B7564-6175-4931-832D-65D68DFE738A}.Release|x86.ActiveCfg = Release|Win32
		{392B7564-6175-4931-832D-65D68DFE738A}.Release|x86.Build.0 = Release|Win32
	EndGlobalSection
	GlobalSection(SolutionProperties) = preSolution
		HideSolutionNode = FALSE
	EndGlobalSection
	GlobalSection(ExtensibilityGlobals) = postSolution
		SolutionGuid = {24C804D5-146F-45D8-872E-5C574BFBDC16}
	EndGlobalSection
EndGlobal
